// !$*UTF8*$!
{
	archiveVersion = 1;
	classes = {
	};
	objectVersion = 70;
	objects = {

/* Begin PBXBuildFile section */
		7B1E458F2C4AF42900D251CD /* NRGApp.swift in Sources */ = {isa = PBXBuildFile; fileRef = 7B1E458E2C4AF42900D251CD /* NRGApp.swift */; };
		7B1E45912C4AF42900D251CD /* ContentView.swift in Sources */ = {isa = PBXBuildFile; fileRef = 7B1E45902C4AF42900D251CD /* ContentView.swift */; };
		7B1E45932C4AF42D00D251CD /* Assets.xcassets in Resources */ = {isa = PBXBuildFile; fileRef = 7B1E45922C4AF42D00D251CD /* Assets.xcassets */; };
		7B1E45962C4AF42D00D251CD /* Preview Assets.xcassets in Resources */ = {isa = PBXBuildFile; fileRef = 7B1E45952C4AF42D00D251CD /* Preview Assets.xcassets */; };
		7B1E45982C4AF42D00D251CD /* Persistence.swift in Sources */ = {isa = PBXBuildFile; fileRef = 7B1E45972C4AF42D00D251CD /* Persistence.swift */; };
		7B1E459B2C4AF42D00D251CD /* NRG.xcdatamodeld in Sources */ = {isa = PBXBuildFile; fileRef = 7B1E45992C4AF42D00D251CD /* NRG.xcdatamodeld */; };
		7B1E45A92C4AFCE400D251CD /* AppDelegate.swift in Sources */ = {isa = PBXBuildFile; fileRef = 7B1E45A82C4AFCE400D251CD /* AppDelegate.swift */; };
		7B1E45AB2C4AFCFF00D251CD /* HealthStoreManager.swift in Sources */ = {isa = PBXBuildFile; fileRef = 7B1E45AA2C4AFCFF00D251CD /* HealthStoreManager.swift */; };
		7BDF473E2D387BB80087D4A9 /* NRG Watch Watch App.app in Embed Watch Content */ = {isa = PBXBuildFile; fileRef = 7BDF47312D387BB40087D4A9 /* NRG Watch Watch App.app */; settings = {ATTRIBUTES = (RemoveHeadersOnCopy, ); }; };
		8BB196DF2D80D2DA004D0B62 /* .gitignore in Resources */ = {isa = PBXBuildFile; fileRef = 8BB196DE2D80D2D6004D0B62 /* .gitignore */; };
		FEF402BF2D7A5E8C0046BD9D /* MainTabView.swift in Sources */ = {isa = PBXBuildFile; fileRef = FEF402BE2D7A5E880046BD9D /* MainTabView.swift */; };
		FEF402C12D7A5E910046BD9D /* HomeView.swift in Sources */ = {isa = PBXBuildFile; fileRef = FEF402C02D7A5E8F0046BD9D /* HomeView.swift */; };
		FEF402C32D7A5E9A0046BD9D /* ProfileView.swift in Sources */ = {isa = PBXBuildFile; fileRef = FEF402C22D7A5E970046BD9D /* ProfileView.swift */; };
/* End PBXBuildFile section */

/* Begin PBXContainerItemProxy section */
		7BDF473C2D387BB80087D4A9 /* PBXContainerItemProxy */ = {
			isa = PBXContainerItemProxy;
			containerPortal = 7B1E45832C4AF42900D251CD /* Project object */;
			proxyType = 1;
			remoteGlobalIDString = 7BDF47302D387BB40087D4A9;
			remoteInfo = "NRG Watch Watch App";
		};
/* End PBXContainerItemProxy section */

/* Begin PBXCopyFilesBuildPhase section */
		7BDF473F2D387BB80087D4A9 /* Embed Watch Content */ = {
			isa = PBXCopyFilesBuildPhase;
			buildActionMask = 2147483647;
			dstPath = "$(CONTENTS_FOLDER_PATH)/Watch";
			dstSubfolderSpec = 16;
			files = (
				7BDF473E2D387BB80087D4A9 /* NRG Watch Watch App.app in Embed Watch Content */,
			);
			name = "Embed Watch Content";
			runOnlyForDeploymentPostprocessing = 0;
		};
/* End PBXCopyFilesBuildPhase section */

/* Begin PBXFileReference section */
		7B1E458B2C4AF42900D251CD /* NRG.app */ = {isa = PBXFileReference; explicitFileType = wrapper.application; includeInIndex = 0; path = NRG.app; sourceTree = BUILT_PRODUCTS_DIR; };
		7B1E458E2C4AF42900D251CD /* NRGApp.swift */ = {isa = PBXFileReference; lastKnownFileType = sourcecode.swift; path = NRGApp.swift; sourceTree = "<group>"; };
		7B1E45902C4AF42900D251CD /* ContentView.swift */ = {isa = PBXFileReference; lastKnownFileType = sourcecode.swift; path = ContentView.swift; sourceTree = "<group>"; };
		7B1E45922C4AF42D00D251CD /* Assets.xcassets */ = {isa = PBXFileReference; lastKnownFileType = folder.assetcatalog; path = Assets.xcassets; sourceTree = "<group>"; };
		7B1E45952C4AF42D00D251CD /* Preview Assets.xcassets */ = {isa = PBXFileReference; lastKnownFileType = folder.assetcatalog; path = "Preview Assets.xcassets"; sourceTree = "<group>"; };
		7B1E45972C4AF42D00D251CD /* Persistence.swift */ = {isa = PBXFileReference; lastKnownFileType = sourcecode.swift; path = Persistence.swift; sourceTree = "<group>"; };
		7B1E459A2C4AF42D00D251CD /* NRG.xcdatamodel */ = {isa = PBXFileReference; lastKnownFileType = wrapper.xcdatamodel; path = NRG.xcdatamodel; sourceTree = "<group>"; };
		7B1E45A72C4AF9AC00D251CD /* NRG.entitlements */ = {isa = PBXFileReference; lastKnownFileType = text.plist.entitlements; path = NRG.entitlements; sourceTree = "<group>"; };
		7B1E45A82C4AFCE400D251CD /* AppDelegate.swift */ = {isa = PBXFileReference; lastKnownFileType = sourcecode.swift; path = AppDelegate.swift; sourceTree = "<group>"; };
		7B1E45AA2C4AFCFF00D251CD /* HealthStoreManager.swift */ = {isa = PBXFileReference; lastKnownFileType = sourcecode.swift; path = HealthStoreManager.swift; sourceTree = "<group>"; };
		7BDF47312D387BB40087D4A9 /* NRG Watch Watch App.app */ = {isa = PBXFileReference; explicitFileType = wrapper.application; includeInIndex = 0; path = "NRG Watch Watch App.app"; sourceTree = BUILT_PRODUCTS_DIR; };
		8BB196DE2D80D2D6004D0B62 /* .gitignore */ = {isa = PBXFileReference; lastKnownFileType = text; path = .gitignore; sourceTree = "<group>"; };
		FEF402BE2D7A5E880046BD9D /* MainTabView.swift */ = {isa = PBXFileReference; lastKnownFileType = sourcecode.swift; path = MainTabView.swift; sourceTree = "<group>"; };
		FEF402C02D7A5E8F0046BD9D /* HomeView.swift */ = {isa = PBXFileReference; lastKnownFileType = sourcecode.swift; path = HomeView.swift; sourceTree = "<group>"; };
		FEF402C22D7A5E970046BD9D /* ProfileView.swift */ = {isa = PBXFileReference; lastKnownFileType = sourcecode.swift; path = ProfileView.swift; sourceTree = "<group>"; };
/* End PBXFileReference section */

/* Begin PBXFileSystemSynchronizedRootGroup section */
		7BDF47322D387BB40087D4A9 /* NRG Watch Watch App */ = {isa = PBXFileSystemSynchronizedRootGroup; explicitFileTypes = {}; explicitFolders = (); path = "NRG Watch Watch App"; sourceTree = "<group>"; };
/* End PBXFileSystemSynchronizedRootGroup section */

/* Begin PBXFrameworksBuildPhase section */
		7B1E45882C4AF42900D251CD /* Frameworks */ = {
			isa = PBXFrameworksBuildPhase;
			buildActionMask = 2147483647;
			files = (
			);
			runOnlyForDeploymentPostprocessing = 0;
		};
		7BDF472E2D387BB40087D4A9 /* Frameworks */ = {
			isa = PBXFrameworksBuildPhase;
			buildActionMask = 2147483647;
			files = (
			);
			runOnlyForDeploymentPostprocessing = 0;
		};
/* End PBXFrameworksBuildPhase section */

/* Begin PBXGroup section */
		7B1E45822C4AF42900D251CD = {
			isa = PBXGroup;
			children = (
				8BB196DE2D80D2D6004D0B62 /* .gitignore */,
				7B1E458D2C4AF42900D251CD /* NRG */,
				7BDF47322D387BB40087D4A9 /* NRG Watch Watch App */,
				7B1E458C2C4AF42900D251CD /* Products */,
			);
			sourceTree = "<group>";
		};
		7B1E458C2C4AF42900D251CD /* Products */ = {
			isa = PBXGroup;
			children = (
				7B1E458B2C4AF42900D251CD /* NRG.app */,
				7BDF47312D387BB40087D4A9 /* NRG Watch Watch App.app */,
			);
			name = Products;
			sourceTree = "<group>";
		};
		7B1E458D2C4AF42900D251CD /* NRG */ = {
			isa = PBXGroup;
			children = (
				7B1E45A72C4AF9AC00D251CD /* NRG.entitlements */,
				7B1E458E2C4AF42900D251CD /* NRGApp.swift */,
				7B1E45902C4AF42900D251CD /* ContentView.swift */,
				FEF402BE2D7A5E880046BD9D /* MainTabView.swift */,
				FEF402C02D7A5E8F0046BD9D /* HomeView.swift */,
				FEF402C22D7A5E970046BD9D /* ProfileView.swift */,
				7B1E45922C4AF42D00D251CD /* Assets.xcassets */,
				7B1E45972C4AF42D00D251CD /* Persistence.swift */,
				7B1E45992C4AF42D00D251CD /* NRG.xcdatamodeld */,
				7B1E45942C4AF42D00D251CD /* Preview Content */,
				7B1E45A82C4AFCE400D251CD /* AppDelegate.swift */,
				7B1E45AA2C4AFCFF00D251CD /* HealthStoreManager.swift */,
			);
			path = NRG;
			sourceTree = "<group>";
		};
		7B1E45942C4AF42D00D251CD /* Preview Content */ = {
			isa = PBXGroup;
			children = (
				7B1E45952C4AF42D00D251CD /* Preview Assets.xcassets */,
			);
			path = "Preview Content";
			sourceTree = "<group>";
		};
/* End PBXGroup section */

/* Begin PBXNativeTarget section */
		7B1E458A2C4AF42900D251CD /* NRG */ = {
			isa = PBXNativeTarget;
			buildConfigurationList = 7B1E459E2C4AF42D00D251CD /* Build configuration list for PBXNativeTarget "NRG" */;
			buildPhases = (
				7B1E45872C4AF42900D251CD /* Sources */,
				7B1E45882C4AF42900D251CD /* Frameworks */,
				7B1E45892C4AF42900D251CD /* Resources */,
				7BDF473F2D387BB80087D4A9 /* Embed Watch Content */,
			);
			buildRules = (
			);
			dependencies = (
				7BDF473D2D387BB80087D4A9 /* PBXTargetDependency */,
			);
			name = NRG;
			productName = NRG;
			productReference = 7B1E458B2C4AF42900D251CD /* NRG.app */;
			productType = "com.apple.product-type.application";
		};
		7BDF47302D387BB40087D4A9 /* NRG Watch Watch App */ = {
			isa = PBXNativeTarget;
			buildConfigurationList = 7BDF47422D387BB80087D4A9 /* Build configuration list for PBXNativeTarget "NRG Watch Watch App" */;
			buildPhases = (
				7BDF472D2D387BB40087D4A9 /* Sources */,
				7BDF472E2D387BB40087D4A9 /* Frameworks */,
				7BDF472F2D387BB40087D4A9 /* Resources */,
			);
			buildRules = (
			);
			dependencies = (
			);
			fileSystemSynchronizedGroups = (
				7BDF47322D387BB40087D4A9 /* NRG Watch Watch App */,
			);
			name = "NRG Watch Watch App";
			packageProductDependencies = (
			);
			productName = "NRG Watch Watch App";
			productReference = 7BDF47312D387BB40087D4A9 /* NRG Watch Watch App.app */;
			productType = "com.apple.product-type.application";
		};
/* End PBXNativeTarget section */

/* Begin PBXProject section */
		7B1E45832C4AF42900D251CD /* Project object */ = {
			isa = PBXProject;
			attributes = {
				BuildIndependentTargetsInParallel = 1;
				LastSwiftUpdateCheck = 1620;
				LastUpgradeCheck = 1540;
				TargetAttributes = {
					7B1E458A2C4AF42900D251CD = {
						CreatedOnToolsVersion = 15.4;
					};
					7BDF47302D387BB40087D4A9 = {
						CreatedOnToolsVersion = 16.2;
					};
				};
			};
			buildConfigurationList = 7B1E45862C4AF42900D251CD /* Build configuration list for PBXProject "NRG" */;
			compatibilityVersion = "Xcode 14.0";
			developmentRegion = en;
			hasScannedForEncodings = 0;
			knownRegions = (
				en,
				Base,
			);
			mainGroup = 7B1E45822C4AF42900D251CD;
			productRefGroup = 7B1E458C2C4AF42900D251CD /* Products */;
			projectDirPath = "";
			projectRoot = "";
			targets = (
				7B1E458A2C4AF42900D251CD /* NRG */,
				7BDF47302D387BB40087D4A9 /* NRG Watch Watch App */,
			);
		};
/* End PBXProject section */

/* Begin PBXResourcesBuildPhase section */
		7B1E45892C4AF42900D251CD /* Resources */ = {
			isa = PBXResourcesBuildPhase;
			buildActionMask = 2147483647;
			files = (
				7B1E45962C4AF42D00D251CD /* Preview Assets.xcassets in Resources */,
				7B1E45932C4AF42D00D251CD /* Assets.xcassets in Resources */,
			);
			runOnlyForDeploymentPostprocessing = 0;
		};
		7BDF472F2D387BB40087D4A9 /* Resources */ = {
			isa = PBXResourcesBuildPhase;
			buildActionMask = 2147483647;
			files = (
				8BB196DF2D80D2DA004D0B62 /* .gitignore in Resources */,
			);
			runOnlyForDeploymentPostprocessing = 0;
		};
/* End PBXResourcesBuildPhase section */

/* Begin PBXSourcesBuildPhase section */
		7B1E45872C4AF42900D251CD /* Sources */ = {
			isa = PBXSourcesBuildPhase;
			buildActionMask = 2147483647;
			files = (
				7B1E45982C4AF42D00D251CD /* Persistence.swift in Sources */,
				FEF402C32D7A5E9A0046BD9D /* ProfileView.swift in Sources */,
				7B1E45AB2C4AFCFF00D251CD /* HealthStoreManager.swift in Sources */,
				7B1E45912C4AF42900D251CD /* ContentView.swift in Sources */,
				7B1E458F2C4AF42900D251CD /* NRGApp.swift in Sources */,
				FEF402BF2D7A5E8C0046BD9D /* MainTabView.swift in Sources */,
				FEF402C12D7A5E910046BD9D /* HomeView.swift in Sources */,
				7B1E45A92C4AFCE400D251CD /* AppDelegate.swift in Sources */,
				7B1E459B2C4AF42D00D251CD /* NRG.xcdatamodeld in Sources */,
			);
			runOnlyForDeploymentPostprocessing = 0;
		};
		7BDF472D2D387BB40087D4A9 /* Sources */ = {
			isa = PBXSourcesBuildPhase;
			buildActionMask = 2147483647;
			files = (
			);
			runOnlyForDeploymentPostprocessing = 0;
		};
/* End PBXSourcesBuildPhase section */

/* Begin PBXTargetDependency section */
		7BDF473D2D387BB80087D4A9 /* PBXTargetDependency */ = {
			isa = PBXTargetDependency;
			target = 7BDF47302D387BB40087D4A9 /* NRG Watch Watch App */;
			targetProxy = 7BDF473C2D387BB80087D4A9 /* PBXContainerItemProxy */;
		};
/* End PBXTargetDependency section */

/* Begin XCBuildConfiguration section */
		7B1E459C2C4AF42D00D251CD /* Debug */ = {
			isa = XCBuildConfiguration;
			buildSettings = {
				ALWAYS_SEARCH_USER_PATHS = NO;
				ASSETCATALOG_COMPILER_GENERATE_SWIFT_ASSET_SYMBOL_EXTENSIONS = YES;
				CLANG_ANALYZER_NONNULL = YES;
				CLANG_ANALYZER_NUMBER_OBJECT_CONVERSION = YES_AGGRESSIVE;
				CLANG_CXX_LANGUAGE_STANDARD = "gnu++20";
				CLANG_ENABLE_MODULES = YES;
				CLANG_ENABLE_OBJC_ARC = YES;
				CLANG_ENABLE_OBJC_WEAK = YES;
				CLANG_WARN_BLOCK_CAPTURE_AUTORELEASING = YES;
				CLANG_WARN_BOOL_CONVERSION = YES;
				CLANG_WARN_COMMA = YES;
				CLANG_WARN_CONSTANT_CONVERSION = YES;
				CLANG_WARN_DEPRECATED_OBJC_IMPLEMENTATIONS = YES;
				CLANG_WARN_DIRECT_OBJC_ISA_USAGE = YES_ERROR;
				CLANG_WARN_DOCUMENTATION_COMMENTS = YES;
				CLANG_WARN_EMPTY_BODY = YES;
				CLANG_WARN_ENUM_CONVERSION = YES;
				CLANG_WARN_INFINITE_RECURSION = YES;
				CLANG_WARN_INT_CONVERSION = YES;
				CLANG_WARN_NON_LITERAL_NULL_CONVERSION = YES;
				CLANG_WARN_OBJC_IMPLICIT_RETAIN_SELF = YES;
				CLANG_WARN_OBJC_LITERAL_CONVERSION = YES;
				CLANG_WARN_OBJC_ROOT_CLASS = YES_ERROR;
				CLANG_WARN_QUOTED_INCLUDE_IN_FRAMEWORK_HEADER = YES;
				CLANG_WARN_RANGE_LOOP_ANALYSIS = YES;
				CLANG_WARN_STRICT_PROTOTYPES = YES;
				CLANG_WARN_SUSPICIOUS_MOVE = YES;
				CLANG_WARN_UNGUARDED_AVAILABILITY = YES_AGGRESSIVE;
				CLANG_WARN_UNREACHABLE_CODE = YES;
				CLANG_WARN__DUPLICATE_METHOD_MATCH = YES;
				COPY_PHASE_STRIP = NO;
				DEBUG_INFORMATION_FORMAT = dwarf;
				ENABLE_STRICT_OBJC_MSGSEND = YES;
				ENABLE_TESTABILITY = YES;
				ENABLE_USER_SCRIPT_SANDBOXING = YES;
				GCC_C_LANGUAGE_STANDARD = gnu17;
				GCC_DYNAMIC_NO_PIC = NO;
				GCC_NO_COMMON_BLOCKS = YES;
				GCC_OPTIMIZATION_LEVEL = 0;
				GCC_PREPROCESSOR_DEFINITIONS = (
					"DEBUG=1",
					"$(inherited)",
				);
				GCC_WARN_64_TO_32_BIT_CONVERSION = YES;
				GCC_WARN_ABOUT_RETURN_TYPE = YES_ERROR;
				GCC_WARN_UNDECLARED_SELECTOR = YES;
				GCC_WARN_UNINITIALIZED_AUTOS = YES_AGGRESSIVE;
				GCC_WARN_UNUSED_FUNCTION = YES;
				GCC_WARN_UNUSED_VARIABLE = YES;
				IPHONEOS_DEPLOYMENT_TARGET = 17.5;
				LOCALIZATION_PREFERS_STRING_CATALOGS = YES;
				MTL_ENABLE_DEBUG_INFO = INCLUDE_SOURCE;
				MTL_FAST_MATH = YES;
				ONLY_ACTIVE_ARCH = YES;
				SDKROOT = iphoneos;
				SWIFT_ACTIVE_COMPILATION_CONDITIONS = "DEBUG $(inherited)";
				SWIFT_OPTIMIZATION_LEVEL = "-Onone";
			};
			name = Debug;
		};
		7B1E459D2C4AF42D00D251CD /* Release */ = {
			isa = XCBuildConfiguration;
			buildSettings = {
				ALWAYS_SEARCH_USER_PATHS = NO;
				ASSETCATALOG_COMPILER_GENERATE_SWIFT_ASSET_SYMBOL_EXTENSIONS = YES;
				CLANG_ANALYZER_NONNULL = YES;
				CLANG_ANALYZER_NUMBER_OBJECT_CONVERSION = YES_AGGRESSIVE;
				CLANG_CXX_LANGUAGE_STANDARD = "gnu++20";
				CLANG_ENABLE_MODULES = YES;
				CLANG_ENABLE_OBJC_ARC = YES;
				CLANG_ENABLE_OBJC_WEAK = YES;
				CLANG_WARN_BLOCK_CAPTURE_AUTORELEASING = YES;
				CLANG_WARN_BOOL_CONVERSION = YES;
				CLANG_WARN_COMMA = YES;
				CLANG_WARN_CONSTANT_CONVERSION = YES;
				CLANG_WARN_DEPRECATED_OBJC_IMPLEMENTATIONS = YES;
				CLANG_WARN_DIRECT_OBJC_ISA_USAGE = YES_ERROR;
				CLANG_WARN_DOCUMENTATION_COMMENTS = YES;
				CLANG_WARN_EMPTY_BODY = YES;
				CLANG_WARN_ENUM_CONVERSION = YES;
				CLANG_WARN_INFINITE_RECURSION = YES;
				CLANG_WARN_INT_CONVERSION = YES;
				CLANG_WARN_NON_LITERAL_NULL_CONVERSION = YES;
				CLANG_WARN_OBJC_IMPLICIT_RETAIN_SELF = YES;
				CLANG_WARN_OBJC_LITERAL_CONVERSION = YES;
				CLANG_WARN_OBJC_ROOT_CLASS = YES_ERROR;
				CLANG_WARN_QUOTED_INCLUDE_IN_FRAMEWORK_HEADER = YES;
				CLANG_WARN_RANGE_LOOP_ANALYSIS = YES;
				CLANG_WARN_STRICT_PROTOTYPES = YES;
				CLANG_WARN_SUSPICIOUS_MOVE = YES;
				CLANG_WARN_UNGUARDED_AVAILABILITY = YES_AGGRESSIVE;
				CLANG_WARN_UNREACHABLE_CODE = YES;
				CLANG_WARN__DUPLICATE_METHOD_MATCH = YES;
				COPY_PHASE_STRIP = NO;
				DEBUG_INFORMATION_FORMAT = "dwarf-with-dsym";
				ENABLE_NS_ASSERTIONS = NO;
				ENABLE_STRICT_OBJC_MSGSEND = YES;
				ENABLE_USER_SCRIPT_SANDBOXING = YES;
				GCC_C_LANGUAGE_STANDARD = gnu17;
				GCC_NO_COMMON_BLOCKS = YES;
				GCC_WARN_64_TO_32_BIT_CONVERSION = YES;
				GCC_WARN_ABOUT_RETURN_TYPE = YES_ERROR;
				GCC_WARN_UNDECLARED_SELECTOR = YES;
				GCC_WARN_UNINITIALIZED_AUTOS = YES_AGGRESSIVE;
				GCC_WARN_UNUSED_FUNCTION = YES;
				GCC_WARN_UNUSED_VARIABLE = YES;
				IPHONEOS_DEPLOYMENT_TARGET = 17.5;
				LOCALIZATION_PREFERS_STRING_CATALOGS = YES;
				MTL_ENABLE_DEBUG_INFO = NO;
				MTL_FAST_MATH = YES;
				SDKROOT = iphoneos;
				SWIFT_COMPILATION_MODE = wholemodule;
				VALIDATE_PRODUCT = YES;
			};
			name = Release;
		};
		7B1E459F2C4AF42D00D251CD /* Debug */ = {
			isa = XCBuildConfiguration;
			buildSettings = {
				ASSETCATALOG_COMPILER_APPICON_NAME = AppIcon;
				ASSETCATALOG_COMPILER_GLOBAL_ACCENT_COLOR_NAME = AccentColor;
				CODE_SIGN_ENTITLEMENTS = NRG/NRG.entitlements;
				CODE_SIGN_STYLE = Automatic;
				CURRENT_PROJECT_VERSION = 1;
				DEVELOPMENT_ASSET_PATHS = "\"NRG/Preview Content\"";
				DEVELOPMENT_TEAM = Z5PDMR5YU5;
				ENABLE_PREVIEWS = YES;
				GENERATE_INFOPLIST_FILE = YES;
				INFOPLIST_KEY_NSHealthShareUsageDescription = "We use your health data to display your step count.";
				INFOPLIST_KEY_NSHealthUpdateUsageDescription = "We use your health data to display your step count.";
				INFOPLIST_KEY_UIApplicationSceneManifest_Generation = YES;
				INFOPLIST_KEY_UIApplicationSupportsIndirectInputEvents = YES;
				INFOPLIST_KEY_UILaunchScreen_Generation = YES;
				INFOPLIST_KEY_UISupportedInterfaceOrientations_iPad = "UIInterfaceOrientationPortrait UIInterfaceOrientationPortraitUpsideDown UIInterfaceOrientationLandscapeLeft UIInterfaceOrientationLandscapeRight";
				INFOPLIST_KEY_UISupportedInterfaceOrientations_iPhone = "UIInterfaceOrientationPortrait UIInterfaceOrientationLandscapeLeft UIInterfaceOrientationLandscapeRight";
				LD_RUNPATH_SEARCH_PATHS = (
					"$(inherited)",
					"@executable_path/Frameworks",
				);
				MARKETING_VERSION = 1.0;
				PRODUCT_BUNDLE_IDENTIFIER = com.JayBhatasana.NRG.phone;
				PRODUCT_NAME = "$(TARGET_NAME)";
				SWIFT_EMIT_LOC_STRINGS = YES;
				SWIFT_VERSION = 5.0;
				TARGETED_DEVICE_FAMILY = "1,2";
			};
			name = Debug;
		};
		7B1E45A02C4AF42D00D251CD /* Release */ = {
			isa = XCBuildConfiguration;
			buildSettings = {
				ASSETCATALOG_COMPILER_APPICON_NAME = AppIcon;
				ASSETCATALOG_COMPILER_GLOBAL_ACCENT_COLOR_NAME = AccentColor;
				CODE_SIGN_ENTITLEMENTS = NRG/NRG.entitlements;
				CODE_SIGN_STYLE = Automatic;
				CURRENT_PROJECT_VERSION = 1;
				DEVELOPMENT_ASSET_PATHS = "\"NRG/Preview Content\"";
				DEVELOPMENT_TEAM = Z5PDMR5YU5;
				ENABLE_PREVIEWS = YES;
				GENERATE_INFOPLIST_FILE = YES;
				INFOPLIST_KEY_NSHealthShareUsageDescription = "We use your health data to display your step count.";
				INFOPLIST_KEY_NSHealthUpdateUsageDescription = "We use your health data to display your step count.";
				INFOPLIST_KEY_UIApplicationSceneManifest_Generation = YES;
				INFOPLIST_KEY_UIApplicationSupportsIndirectInputEvents = YES;
				INFOPLIST_KEY_UILaunchScreen_Generation = YES;
				INFOPLIST_KEY_UISupportedInterfaceOrientations_iPad = "UIInterfaceOrientationPortrait UIInterfaceOrientationPortraitUpsideDown UIInterfaceOrientationLandscapeLeft UIInterfaceOrientationLandscapeRight";
				INFOPLIST_KEY_UISupportedInterfaceOrientations_iPhone = "UIInterfaceOrientationPortrait UIInterfaceOrientationLandscapeLeft UIInterfaceOrientationLandscapeRight";
				LD_RUNPATH_SEARCH_PATHS = (
					"$(inherited)",
					"@executable_path/Frameworks",
				);
				MARKETING_VERSION = 1.0;
				PRODUCT_BUNDLE_IDENTIFIER = com.JayBhatasana.NRG.phone;
				PRODUCT_NAME = "$(TARGET_NAME)";
				SWIFT_EMIT_LOC_STRINGS = YES;
				SWIFT_VERSION = 5.0;
				TARGETED_DEVICE_FAMILY = "1,2";
			};
			name = Release;
		};
		7BDF47402D387BB80087D4A9 /* Debug */ = {
			isa = XCBuildConfiguration;
			buildSettings = {
				ASSETCATALOG_COMPILER_APPICON_NAME = AppIcon;
				ASSETCATALOG_COMPILER_GLOBAL_ACCENT_COLOR_NAME = AccentColor;
				ASSETCATALOG_COMPILER_INCLUDE_ALL_APPICON_ASSETS = YES;
				CODE_SIGN_ENTITLEMENTS = "NRG Watch Watch App/NRG Watch Watch App.entitlements";
				CODE_SIGN_IDENTITY = "Apple Development";
				CODE_SIGN_STYLE = Automatic;
				CURRENT_PROJECT_VERSION = 1;
				DEVELOPMENT_ASSET_PATHS = "\"NRG Watch Watch App/Preview Content\"";
				DEVELOPMENT_TEAM = Z5PDMR5YU5;
				ENABLE_PREVIEWS = YES;
				GENERATE_INFOPLIST_FILE = YES;
				INFOPLIST_FILE = "NRG-Watch-Watch-App-Info.plist";
				INFOPLIST_KEY_CFBundleDisplayName = "NRG Watch";
				INFOPLIST_KEY_NSHealthShareUsageDescription = "This app uses your health data to provide fitness insights and recommendations.";
				INFOPLIST_KEY_NSLocationWhenInUseUsageDescription = "This app uses your location to fetch the current temperature.";
				INFOPLIST_KEY_NSMotionUsageDescription = "This app uses motion data to track your running speed and gradient during workouts.";
				INFOPLIST_KEY_UISupportedInterfaceOrientations = "UIInterfaceOrientationPortrait UIInterfaceOrientationPortraitUpsideDown";
				INFOPLIST_KEY_WKCompanionAppBundleIdentifier = com.JayBhatasana.NRG.phone;
				LD_RUNPATH_SEARCH_PATHS = (
					"$(inherited)",
					"@executable_path/Frameworks",
				);
				MARKETING_VERSION = 1.0;
				PRODUCT_BUNDLE_IDENTIFIER = com.JayBhatasana.NRG.phone.watchkitapp;
				PRODUCT_NAME = "$(TARGET_NAME)";
				PROVISIONING_PROFILE_SPECIFIER = "";
				SDKROOT = watchos;
				SKIP_INSTALL = YES;
				SWIFT_EMIT_LOC_STRINGS = YES;
				SWIFT_VERSION = 5.0;
				TARGETED_DEVICE_FAMILY = 4;
				WATCHOS_DEPLOYMENT_TARGET = 11.2;
			};
			name = Debug;
		};
		7BDF47412D387BB80087D4A9 /* Release */ = {
			isa = XCBuildConfiguration;
			buildSettings = {
				ASSETCATALOG_COMPILER_APPICON_NAME = AppIcon;
				ASSETCATALOG_COMPILER_GLOBAL_ACCENT_COLOR_NAME = AccentColor;
				ASSETCATALOG_COMPILER_INCLUDE_ALL_APPICON_ASSETS = YES;
				CODE_SIGN_ENTITLEMENTS = "NRG Watch Watch App/NRG Watch Watch App.entitlements";
				CODE_SIGN_IDENTITY = "Apple Development";
				CODE_SIGN_STYLE = Automatic;
				CURRENT_PROJECT_VERSION = 1;
				DEVELOPMENT_ASSET_PATHS = "\"NRG Watch Watch App/Preview Content\"";
				DEVELOPMENT_TEAM = Z5PDMR5YU5;
				ENABLE_PREVIEWS = YES;
				GENERATE_INFOPLIST_FILE = YES;
				INFOPLIST_FILE = "NRG-Watch-Watch-App-Info.plist";
				INFOPLIST_KEY_CFBundleDisplayName = "NRG Watch";
				INFOPLIST_KEY_NSHealthShareUsageDescription = "This app uses your health data to provide fitness insights and recommendations.";
				INFOPLIST_KEY_NSLocationWhenInUseUsageDescription = "This app uses your location to fetch the current temperature.";
				INFOPLIST_KEY_NSMotionUsageDescription = "This app uses motion data to track your running speed and gradient during workouts.";
				INFOPLIST_KEY_UISupportedInterfaceOrientations = "UIInterfaceOrientationPortrait UIInterfaceOrientationPortraitUpsideDown";
				INFOPLIST_KEY_WKCompanionAppBundleIdentifier = com.JayBhatasana.NRG.phone;
				LD_RUNPATH_SEARCH_PATHS = (
					"$(inherited)",
					"@executable_path/Frameworks",
				);
				MARKETING_VERSION = 1.0;
				PRODUCT_BUNDLE_IDENTIFIER = com.JayBhatasana.NRG.phone.watchkitapp;
				PRODUCT_NAME = "$(TARGET_NAME)";
				PROVISIONING_PROFILE_SPECIFIER = "";
				SDKROOT = watchos;
				SKIP_INSTALL = YES;
				SWIFT_EMIT_LOC_STRINGS = YES;
				SWIFT_VERSION = 5.0;
				TARGETED_DEVICE_FAMILY = 4;
				WATCHOS_DEPLOYMENT_TARGET = 11.2;
			};
			name = Release;
		};
/* End XCBuildConfiguration section */

/* Begin XCConfigurationList section */
		7B1E45862C4AF42900D251CD /* Build configuration list for PBXProject "NRG" */ = {
			isa = XCConfigurationList;
			buildConfigurations = (
				7B1E459C2C4AF42D00D251CD /* Debug */,
				7B1E459D2C4AF42D00D251CD /* Release */,
			);
			defaultConfigurationIsVisible = 0;
			defaultConfigurationName = Release;
		};
		7B1E459E2C4AF42D00D251CD /* Build configuration list for PBXNativeTarget "NRG" */ = {
			isa = XCConfigurationList;
			buildConfigurations = (
				7B1E459F2C4AF42D00D251CD /* Debug */,
				7B1E45A02C4AF42D00D251CD /* Release */,
			);
			defaultConfigurationIsVisible = 0;
			defaultConfigurationName = Release;
		};
		7BDF47422D387BB80087D4A9 /* Build configuration list for PBXNativeTarget "NRG Watch Watch App" */ = {
			isa = XCConfigurationList;
			buildConfigurations = (
				7BDF47402D387BB80087D4A9 /* Debug */,
				7BDF47412D387BB80087D4A9 /* Release */,
			);
			defaultConfigurationIsVisible = 0;
			defaultConfigurationName = Release;
		};
/* End XCConfigurationList section */

/* Begin XCVersionGroup section */
		7B1E45992C4AF42D00D251CD /* NRG.xcdatamodeld */ = {
			isa = XCVersionGroup;
			children = (
				7B1E459A2C4AF42D00D251CD /* NRG.xcdatamodel */,
			);
			currentVersion = 7B1E459A2C4AF42D00D251CD /* NRG.xcdatamodel */;
			path = NRG.xcdatamodeld;
			sourceTree = "<group>";
			versionGroupType = wrapper.xcdatamodel;
		};
/* End XCVersionGroup section */
	};
	rootObject = 7B1E45832C4AF42900D251CD /* Project object */;
}
